
Microsoft Visual Studio Solution File, Format Version 12.00
# Visual Studio Version 17
VisualStudioVersion = 17.6.33712.159
MinimumVisualStudioVersion = 10.0.40219.1
Project("{2150E333-8FDC-42A3-9474-1A3956D46DE8}") = "src", "src", "{652284F7-F140-42BE-B941-2FA6A5D9BB08}"
EndProject
Project("{2150E333-8FDC-42A3-9474-1A3956D46DE8}") = "core", "core", "{79AF229B-288C-4E0C-B044-ED6D18F28030}"
EndProject
Project("{9A19103F-16F7-4668-BE54-9A1E7A4F7556}") = "Dhanman.MyHome.Domain", "src\Core\Dhanman.MyHome.Domain\Dhanman.MyHome.Domain.csproj", "{8F395C9B-4E5C-4D26-8ED9-EE49C65E4905}"
EndProject
Project("{9A19103F-16F7-4668-BE54-9A1E7A4F7556}") = "Dhanman.MyHome.Application", "src\Core\Dhanman.MyHome.Application\Dhanman.MyHome.Application.csproj", "{8FE63263-444F-47BB-BFE8-88CFB0B53440}"
EndProject
Project("{2150E333-8FDC-42A3-9474-1A3956D46DE8}") = "External", "External", "{7ED27BC1-EA65-413A-95F3-CAA2CD75D56F}"
EndProject
Project("{9A19103F-16F7-4668-BE54-9A1E7A4F7556}") = "Dhanman.MyHome.Persistence", "src\Infrastructure\Dhanman.MyHome.Persistence\Dhanman.MyHome.Persistence.csproj", "{07904E75-3026-4640-B168-B51B6B6F5736}"
EndProject
Project("{2150E333-8FDC-42A3-9474-1A3956D46DE8}") = "Presentation", "Presentation", "{625F7E64-D3F3-414B-9050-9EE3C732BF88}"
EndProject
Project("{9A19103F-16F7-4668-BE54-9A1E7A4F7556}") = "Dhanman.MyHome.Api", "src\Dhanman.MyHome.Api\Dhanman.MyHome.Api.csproj", "{0824ACDD-3840-4F12-90AF-A6ED3E2FBD1B}"
EndProject
Project("{2150E333-8FDC-42A3-9474-1A3956D46DE8}") = "migrations", "migrations", "{10677405-7239-4A45-A664-2066D3556112}"
EndProject
Project("{2150E333-8FDC-42A3-9474-1A3956D46DE8}") = "test", "test", "{A495699E-97B1-48C7-944E-B9EEE3938A62}"
EndProject
Project("{9A19103F-16F7-4668-BE54-9A1E7A4F7556}") = "Dhanman.MyHome.Migrations.Core", "migrations\Dhanman.MyHome.Migrations.Core\Dhanman.MyHome.Migrations.Core.csproj", "{E102EE3F-24BB-4FD1-A373-365E7A01D6FC}"
EndProject
Project("{9A19103F-16F7-4668-BE54-9A1E7A4F7556}") = "Dhanman.MyHome.Migrations.Scripts", "src\Dhanman.MyHome.Migrations.Scripts\Dhanman.MyHome.Migrations.Scripts.csproj", "{83701672-E02D-41CA-A85F-B9EC73FB914C}"
EndProject
Project("{9A19103F-16F7-4668-BE54-9A1E7A4F7556}") = "Dhanman.MyHome.Application.Contracts", "src\Core\Dhanman.MyHome.Application.Contracts\Dhanman.MyHome.Application.Contracts.csproj", "{C5D762B3-D765-487A-89D7-71278516DA4E}"
EndProject
Project("{9A19103F-16F7-4668-BE54-9A1E7A4F7556}") = "Dhanman.Infrastructure.Authentication", "src\Infrastructure\Dhanman.Infrastructure.Authentication\Dhanman.Infrastructure.Authentication.csproj", "{F86FD130-AAD6-4354-978D-29C4007932B8}"
EndProject
Project("{2150E333-8FDC-42A3-9474-1A3956D46DE8}") = "unit", "unit", "{E54C6CBB-800B-41AC-BA34-532CE6ACD6B5}"
EndProject
Project("{FAE04EC0-301F-11D3-BF4B-00C04F79EFBC}") = "Dhanman.MyHome.Api.Tests", "test\unit\Dhanman.MyHome.Api.Tests\Dhanman.MyHome.Api.Tests.csproj", "{9406C597-3FC2-44D6-B8CC-E62CB55AD440}"
EndProject
Project("{FAE04EC0-301F-11D3-BF4B-00C04F79EFBC}") = "Dhanman.MyHome.Domain.Tests", "test\unit\Dhanman.MyHome.Domain.Tests\Dhanman.MyHome.Domain.Tests.csproj", "{4CCC7C38-53AF-4593-99A8-534EC2D38B94}"
EndProject
Project("{2150E333-8FDC-42A3-9474-1A3956D46DE8}") = "integration", "integration", "{89240ECA-859A-4915-8E17-564D812572FD}"
EndProject
Project("{FAE04EC0-301F-11D3-BF4B-00C04F79EFBC}") = "Dhanman.MyHome.Api.Integration.Tests", "test\integration\Dhanman.MyHome.Integration.Tests\Dhanman.MyHome.Api.Integration.Tests.csproj", "{941ADFF6-BEA4-492D-BC0F-1FB4BB078017}"
EndProject
Project("{FAE04EC0-301F-11D3-BF4B-00C04F79EFBC}") = "Dhanman.MyHome.Database.Integration.Tests", "test\integration\Dhanman.MyHome.Database.Integration.Tests\Dhanman.MyHome.Database.Integration.Tests.csproj", "{B9DF794E-2148-431A-9185-B8569BF48DB8}"
EndProject
Global
	GlobalSection(SolutionConfigurationPlatforms) = preSolution
		Debug|Any CPU = Debug|Any CPU
		Release|Any CPU = Release|Any CPU
	EndGlobalSection
	GlobalSection(ProjectConfigurationPlatforms) = postSolution
		{8F395C9B-4E5C-4D26-8ED9-EE49C65E4905}.Debug|Any CPU.ActiveCfg = Debug|Any CPU
		{8F395C9B-4E5C-4D26-8ED9-EE49C65E4905}.Debug|Any CPU.Build.0 = Debug|Any CPU
		{8F395C9B-4E5C-4D26-8ED9-EE49C65E4905}.Release|Any CPU.ActiveCfg = Release|Any CPU
		{8F395C9B-4E5C-4D26-8ED9-EE49C65E4905}.Release|Any CPU.Build.0 = Release|Any CPU
		{8FE63263-444F-47BB-BFE8-88CFB0B53440}.Debug|Any CPU.ActiveCfg = Debug|Any CPU
		{8FE63263-444F-47BB-BFE8-88CFB0B53440}.Debug|Any CPU.Build.0 = Debug|Any CPU
		{8FE63263-444F-47BB-BFE8-88CFB0B53440}.Release|Any CPU.ActiveCfg = Release|Any CPU
		{8FE63263-444F-47BB-BFE8-88CFB0B53440}.Release|Any CPU.Build.0 = Release|Any CPU
		{07904E75-3026-4640-B168-B51B6B6F5736}.Debug|Any CPU.ActiveCfg = Debug|Any CPU
		{07904E75-3026-4640-B168-B51B6B6F5736}.Debug|Any CPU.Build.0 = Debug|Any CPU
		{07904E75-3026-4640-B168-B51B6B6F5736}.Release|Any CPU.ActiveCfg = Release|Any CPU
		{07904E75-3026-4640-B168-B51B6B6F5736}.Release|Any CPU.Build.0 = Release|Any CPU
		{0824ACDD-3840-4F12-90AF-A6ED3E2FBD1B}.Debug|Any CPU.ActiveCfg = Debug|Any CPU
		{0824ACDD-3840-4F12-90AF-A6ED3E2FBD1B}.Debug|Any CPU.Build.0 = Debug|Any CPU
		{0824ACDD-3840-4F12-90AF-A6ED3E2FBD1B}.Release|Any CPU.ActiveCfg = Release|Any CPU
		{0824ACDD-3840-4F12-90AF-A6ED3E2FBD1B}.Release|Any CPU.Build.0 = Release|Any CPU
		{E102EE3F-24BB-4FD1-A373-365E7A01D6FC}.Debug|Any CPU.ActiveCfg = Debug|Any CPU
		{E102EE3F-24BB-4FD1-A373-365E7A01D6FC}.Debug|Any CPU.Build.0 = Debug|Any CPU
		{E102EE3F-24BB-4FD1-A373-365E7A01D6FC}.Release|Any CPU.ActiveCfg = Release|Any CPU
		{E102EE3F-24BB-4FD1-A373-365E7A01D6FC}.Release|Any CPU.Build.0 = Release|Any CPU
		{83701672-E02D-41CA-A85F-B9EC73FB914C}.Debug|Any CPU.ActiveCfg = Debug|Any CPU
		{83701672-E02D-41CA-A85F-B9EC73FB914C}.Debug|Any CPU.Build.0 = Debug|Any CPU
		{83701672-E02D-41CA-A85F-B9EC73FB914C}.Release|Any CPU.ActiveCfg = Release|Any CPU
		{83701672-E02D-41CA-A85F-B9EC73FB914C}.Release|Any CPU.Build.0 = Release|Any CPU
		{C5D762B3-D765-487A-89D7-71278516DA4E}.Debug|Any CPU.ActiveCfg = Debug|Any CPU
		{C5D762B3-D765-487A-89D7-71278516DA4E}.Debug|Any CPU.Build.0 = Debug|Any CPU
		{C5D762B3-D765-487A-89D7-71278516DA4E}.Release|Any CPU.ActiveCfg = Release|Any CPU
		{C5D762B3-D765-487A-89D7-71278516DA4E}.Release|Any CPU.Build.0 = Release|Any CPU
		{F86FD130-AAD6-4354-978D-29C4007932B8}.Debug|Any CPU.ActiveCfg = Debug|Any CPU
		{F86FD130-AAD6-4354-978D-29C4007932B8}.Debug|Any CPU.Build.0 = Debug|Any CPU
		{F86FD130-AAD6-4354-978D-29C4007932B8}.Release|Any CPU.ActiveCfg = Release|Any CPU
		{F86FD130-AAD6-4354-978D-29C4007932B8}.Release|Any CPU.Build.0 = Release|Any CPU
		{9406C597-3FC2-44D6-B8CC-E62CB55AD440}.Debug|Any CPU.ActiveCfg = Debug|Any CPU
		{9406C597-3FC2-44D6-B8CC-E62CB55AD440}.Debug|Any CPU.Build.0 = Debug|Any CPU
		{9406C597-3FC2-44D6-B8CC-E62CB55AD440}.Release|Any CPU.ActiveCfg = Release|Any CPU
		{9406C597-3FC2-44D6-B8CC-E62CB55AD440}.Release|Any CPU.Build.0 = Release|Any CPU
		{4CCC7C38-53AF-4593-99A8-534EC2D38B94}.Debug|Any CPU.ActiveCfg = Debug|Any CPU
		{4CCC7C38-53AF-4593-99A8-534EC2D38B94}.Debug|Any CPU.Build.0 = Debug|Any CPU
		{4CCC7C38-53AF-4593-99A8-534EC2D38B94}.Release|Any CPU.ActiveCfg = Release|Any CPU
		{4CCC7C38-53AF-4593-99A8-534EC2D38B94}.Release|Any CPU.Build.0 = Release|Any CPU
		{941ADFF6-BEA4-492D-BC0F-1FB4BB078017}.Debug|Any CPU.ActiveCfg = Debug|Any CPU
		{941ADFF6-BEA4-492D-BC0F-1FB4BB078017}.Debug|Any CPU.Build.0 = Debug|Any CPU
		{941ADFF6-BEA4-492D-BC0F-1FB4BB078017}.Release|Any CPU.ActiveCfg = Release|Any CPU
		{941ADFF6-BEA4-492D-BC0F-1FB4BB078017}.Release|Any CPU.Build.0 = Release|Any CPU
		{B9DF794E-2148-431A-9185-B8569BF48DB8}.Debug|Any CPU.ActiveCfg = Debug|Any CPU
		{B9DF794E-2148-431A-9185-B8569BF48DB8}.Debug|Any CPU.Build.0 = Debug|Any CPU
		{B9DF794E-2148-431A-9185-B8569BF48DB8}.Release|Any CPU.ActiveCfg = Release|Any CPU
		{B9DF794E-2148-431A-9185-B8569BF48DB8}.Release|Any CPU.Build.0 = Release|Any CPU
	EndGlobalSection
	GlobalSection(SolutionProperties) = preSolution
		HideSolutionNode = FALSE
	EndGlobalSection
	GlobalSection(NestedProjects) = preSolution
		{79AF229B-288C-4E0C-B044-ED6D18F28030} = {652284F7-F140-42BE-B941-2FA6A5D9BB08}
		{8F395C9B-4E5C-4D26-8ED9-EE49C65E4905} = {79AF229B-288C-4E0C-B044-ED6D18F28030}
		{8FE63263-444F-47BB-BFE8-88CFB0B53440} = {79AF229B-288C-4E0C-B044-ED6D18F28030}
		{7ED27BC1-EA65-413A-95F3-CAA2CD75D56F} = {652284F7-F140-42BE-B941-2FA6A5D9BB08}
		{07904E75-3026-4640-B168-B51B6B6F5736} = {7ED27BC1-EA65-413A-95F3-CAA2CD75D56F}
		{625F7E64-D3F3-414B-9050-9EE3C732BF88} = {652284F7-F140-42BE-B941-2FA6A5D9BB08}
		{0824ACDD-3840-4F12-90AF-A6ED3E2FBD1B} = {625F7E64-D3F3-414B-9050-9EE3C732BF88}
		{E102EE3F-24BB-4FD1-A373-365E7A01D6FC} = {10677405-7239-4A45-A664-2066D3556112}
		{83701672-E02D-41CA-A85F-B9EC73FB914C} = {10677405-7239-4A45-A664-2066D3556112}
		{C5D762B3-D765-487A-89D7-71278516DA4E} = {79AF229B-288C-4E0C-B044-ED6D18F28030}
		{F86FD130-AAD6-4354-978D-29C4007932B8} = {7ED27BC1-EA65-413A-95F3-CAA2CD75D56F}
		{E54C6CBB-800B-41AC-BA34-532CE6ACD6B5} = {A495699E-97B1-48C7-944E-B9EEE3938A62}
		{9406C597-3FC2-44D6-B8CC-E62CB55AD440} = {E54C6CBB-800B-41AC-BA34-532CE6ACD6B5}
		{4CCC7C38-53AF-4593-99A8-534EC2D38B94} = {E54C6CBB-800B-41AC-BA34-532CE6ACD6B5}
		{89240ECA-859A-4915-8E17-564D812572FD} = {A495699E-97B1-48C7-944E-B9EEE3938A62}
		{941ADFF6-BEA4-492D-BC0F-1FB4BB078017} = {89240ECA-859A-4915-8E17-564D812572FD}
		{B9DF794E-2148-431A-9185-B8569BF48DB8} = {89240ECA-859A-4915-8E17-564D812572FD}
	EndGlobalSection
	GlobalSection(ExtensibilityGlobals) = postSolution
		SolutionGuid = {21D7EA65-1456-4222-95EF-392C4ADBE6BD}
	EndGlobalSection
EndGlobal
